
Microsoft Visual Studio Solution File, Format Version 12.00
Project("{FAE04EC0-301F-11D3-BF4B-00C04F79EFBC}") = "UniversiteDomain", "UniversiteDomain\UniversiteDomain.csproj", "{813DEACE-070F-457E-9192-EB7E170B505C}"
EndProject
Project("{FAE04EC0-301F-11D3-BF4B-00C04F79EFBC}") = "UniversiteDomainUnitTests", "UniversiteDomainUnitTests\UniversiteDomainUnitTests.csproj", "{E94E40C7-04F8-45E0-9EB3-ACBF736F411B}"
EndProject
Project("{FAE04EC0-301F-11D3-BF4B-00C04F79EFBC}") = "UniversiteEFDataProvider", "UniversiteEFDataProvider\UniversiteEFDataProvider.csproj", "{F8D580AD-5D35-4CCC-88A6-7639484B5E96}"
EndProject
Project("{FAE04EC0-301F-11D3-BF4B-00C04F79EFBC}") = "UniversiteRespAPI", "UniversiteRespAPI\UniversiteRespAPI.csproj", "{F4EA2A0C-4A1C-4E69-B742-548B95D41605}"
EndProject
Global
	GlobalSection(SolutionConfigurationPlatforms) = preSolution
		Debug|Any CPU = Debug|Any CPU
		Release|Any CPU = Release|Any CPU
	EndGlobalSection
	GlobalSection(ProjectConfigurationPlatforms) = postSolution
		{813DEACE-070F-457E-9192-EB7E170B505C}.Debug|Any CPU.ActiveCfg = Debug|Any CPU
		{813DEACE-070F-457E-9192-EB7E170B505C}.Debug|Any CPU.Build.0 = Debug|Any CPU
		{813DEACE-070F-457E-9192-EB7E170B505C}.Release|Any CPU.ActiveCfg = Release|Any CPU
		{813DEACE-070F-457E-9192-EB7E170B505C}.Release|Any CPU.Build.0 = Release|Any CPU
		{E94E40C7-04F8-45E0-9EB3-ACBF736F411B}.Debug|Any CPU.ActiveCfg = Debug|Any CPU
		{E94E40C7-04F8-45E0-9EB3-ACBF736F411B}.Debug|Any CPU.Build.0 = Debug|Any CPU
		{E94E40C7-04F8-45E0-9EB3-ACBF736F411B}.Release|Any CPU.ActiveCfg = Release|Any CPU
		{E94E40C7-04F8-45E0-9EB3-ACBF736F411B}.Release|Any CPU.Build.0 = Release|Any CPU
		{F8D580AD-5D35-4CCC-88A6-7639484B5E96}.Debug|Any CPU.ActiveCfg = Debug|Any CPU
		{F8D580AD-5D35-4CCC-88A6-7639484B5E96}.Debug|Any CPU.Build.0 = Debug|Any CPU
		{F8D580AD-5D35-4CCC-88A6-7639484B5E96}.Release|Any CPU.ActiveCfg = Release|Any CPU
		{F8D580AD-5D35-4CCC-88A6-7639484B5E96}.Release|Any CPU.Build.0 = Release|Any CPU
		{F4EA2A0C-4A1C-4E69-B742-548B95D41605}.Debug|Any CPU.ActiveCfg = Debug|Any CPU
		{F4EA2A0C-4A1C-4E69-B742-548B95D41605}.Debug|Any CPU.Build.0 = Debug|Any CPU
		{F4EA2A0C-4A1C-4E69-B742-548B95D41605}.Release|Any CPU.ActiveCfg = Release|Any CPU
		{F4EA2A0C-4A1C-4E69-B742-548B95D41605}.Release|Any CPU.Build.0 = Release|Any CPU
	EndGlobalSection
EndGlobal
